
Microsoft Visual Studio Solution File, Format Version 12.00
# Visual Studio 15
VisualStudioVersion = 15.0.26430.6
MinimumVisualStudioVersion = 10.0.40219.1
Project("{FAE04EC0-301F-11D3-BF4B-00C04F79EFBC}") = "AI_WoundAnalysisSystem", "AI_WoundAnalysisSystem\AI_WoundAnalysisSystem.csproj", "{03115060-7411-43B2-85EE-4FF814726547}"
EndProject
Project("{FAE04EC0-301F-11D3-BF4B-00C04F79EFBC}") = "AI_WoundAnalysisSystem.BLL", "AI_WoundAnalysisSystem.BLL\AI_WoundAnalysisSystem.BLL.csproj", "{11FCE6D7-6CF0-415E-9ACC-372AFD0C8090}"
EndProject
Project("{FAE04EC0-301F-11D3-BF4B-00C04F79EFBC}") = "AI_WoundAnalysisSystem.DAL", "AI_WoundAnalysisSystem.DAL\AI_WoundAnalysisSystem.DAL.csproj", "{14E0A330-063C-4FDC-A764-F95966F90D19}"
EndProject
Project("{FAE04EC0-301F-11D3-BF4B-00C04F79EFBC}") = "AI_WoundAnalysisSystem.DTO", "AI_WoundAnalysisSystem.DTO\AI_WoundAnalysisSystem.DTO.csproj", "{7027D8E7-0886-4E0A-9C1A-8B1E74F473AC}"
EndProject
Global
	GlobalSection(SolutionConfigurationPlatforms) = preSolution
		Debug|Any CPU = Debug|Any CPU
		Release|Any CPU = Release|Any CPU
	EndGlobalSection
	GlobalSection(ProjectConfigurationPlatforms) = postSolution
		{03115060-7411-43B2-85EE-4FF814726547}.Debug|Any CPU.ActiveCfg = Debug|Any CPU
		{03115060-7411-43B2-85EE-4FF814726547}.Debug|Any CPU.Build.0 = Debug|Any CPU
		{03115060-7411-43B2-85EE-4FF814726547}.Release|Any CPU.ActiveCfg = Release|Any CPU
		{03115060-7411-43B2-85EE-4FF814726547}.Release|Any CPU.Build.0 = Release|Any CPU
		{11FCE6D7-6CF0-415E-9ACC-372AFD0C8090}.Debug|Any CPU.ActiveCfg = Debug|Any CPU
		{11FCE6D7-6CF0-415E-9ACC-372AFD0C8090}.Debug|Any CPU.Build.0 = Debug|Any CPU
		{11FCE6D7-6CF0-415E-9ACC-372AFD0C8090}.Release|Any CPU.ActiveCfg = Release|Any CPU
		{11FCE6D7-6CF0-415E-9ACC-372AFD0C8090}.Release|Any CPU.Build.0 = Release|Any CPU
		{14E0A330-063C-4FDC-A764-F95966F90D19}.Debug|Any CPU.ActiveCfg = Debug|Any CPU
		{14E0A330-063C-4FDC-A764-F95966F90D19}.Debug|Any CPU.Build.0 = Debug|Any CPU
		{14E0A330-063C-4FDC-A764-F95966F90D19}.Release|Any CPU.ActiveCfg = Release|Any CPU
		{14E0A330-063C-4FDC-A764-F95966F90D19}.Release|Any CPU.Build.0 = Release|Any CPU
		{7027D8E7-0886-4E0A-9C1A-8B1E74F473AC}.Debug|Any CPU.ActiveCfg = Debug|Any CPU
		{7027D8E7-0886-4E0A-9C1A-8B1E74F473AC}.Debug|Any CPU.Build.0 = Debug|Any CPU
		{7027D8E7-0886-4E0A-9C1A-8B1E74F473AC}.Release|Any CPU.ActiveCfg = Release|Any CPU
		{7027D8E7-0886-4E0A-9C1A-8B1E74F473AC}.Release|Any CPU.Build.0 = Release|Any CPU
	EndGlobalSection
	GlobalSection(SolutionProperties) = preSolution
		HideSolutionNode = FALSE
	EndGlobalSection
EndGlobal
